{
  "nodes": {
    "home-manager": {
      "inputs": {
        "nixpkgs": [
          "nixpkgs"
        ]
      },
      "locked": {
        "lastModified": 1779726825,
        "narHash": "sha256-RUkMrREjKDQrA+dA9+xZviGAxM5W1aVdyOr/bSYpHrE=",
        "owner": "nix-community",
        "repo": "home-manager",
        "rev": "b179bde238977f7d4454fc770b1a727eaf55111c",
        "type": "github"
      },
      "original": {
        "owner": "nix-community",
        "ref": "release-26.05",
        "repo": "home-manager",
        "type": "github"
      }
    },
    "nixpkgs": {
      "locked": {
        "lastModified": 1780020239,
        "narHash": "sha256-ik+V883hTc6GG7TzjxMdhEoMV0hCbQPfsRtNsB1qWUQ=",
        "owner": "NixOS",
        "repo": "nixpkgs",
        "rev": "c85dc29a9bcafa665b8ce0654ca019cdb05e63c6",
        "type": "github"
      },
      "original": {
        "owner": "NixOS",
        "ref": "nixpkgs-26.05-darwin",
        "repo": "nixpkgs",
        "type": "github"
      }
    },
    "nixpkgs-unstable": {
      "locked": {
        "lastModified": 1779877693,
        "narHash": "sha256-NOF9NAREhxr50bbBfVcVOq+ArCMSoe8dP79Pk2uyARk=",
        "owner": "NixOS",
        "repo": "nixpkgs",
        "rev": "4100e830e085863741bc69b156ec4ccd53ab5be0",
        "type": "github"
      },
      "original": {
        "owner": "NixOS",
        "ref": "nixpkgs-unstable",
        "repo": "nixpkgs",
        "type": "github"
      }
    },
    "orbstack-kubernetes": {
      "flake": false,
      "locked": {
        "lastModified": 1780032893,
        "narHash": "sha256-6DodQctpG/W3vVmYTWFDPRZrRq4ld85xyvS5OONpe7I=",
        "owner": "JacobPEvans",
        "repo": "orbstack-kubernetes",
        "rev": "9e9c2d1b3ea4669817da1dc77b7da311b70f5802",
        "type": "github"
      },
      "original": {
        "owner": "JacobPEvans",
        "repo": "orbstack-kubernetes",
        "type": "github"
      }
    },
    "root": {
      "inputs": {
        "home-manager": "home-manager",
        "nixpkgs": "nixpkgs",
        "nixpkgs-unstable": "nixpkgs-unstable",
        "orbstack-kubernetes": "orbstack-kubernetes"
      }
    }
  },
  "root": "root",
  "version": 7
}
